
Microsoft Visual Studio Solution File, Format Version 12.00
# Visual Studio Version 16
VisualStudioVersion = 16.0.29215.179
MinimumVisualStudioVersion = 10.0.40219.1
Project("{FAE04EC0-301F-11D3-BF4B-00C04F79EFBC}") = "WebApi", "WebApi\WebApi.csproj", "{912FFD60-5A1F-44B9-95FE-166498455764}"
EndProject
Project("{FAE04EC0-301F-11D3-BF4B-00C04F79EFBC}") = "Mvc", "Mvc\Mvc.csproj", "{5F4FBE89-06A0-479B-99C8-2704C9558DCF}"
EndProject
Global
	GlobalSection(SolutionConfigurationPlatforms) = preSolution
		Debug|Any CPU = Debug|Any CPU
		Release|Any CPU = Release|Any CPU
	EndGlobalSection
	GlobalSection(ProjectConfigurationPlatforms) = postSolution
		{912FFD60-5A1F-44B9-95FE-166498455764}.Debug|Any CPU.ActiveCfg = Debug|Any CPU
		{912FFD60-5A1F-44B9-95FE-166498455764}.Debug|Any CPU.Build.0 = Debug|Any CPU
		{912FFD60-5A1F-44B9-95FE-166498455764}.Release|Any CPU.ActiveCfg = Release|Any CPU
		{912FFD60-5A1F-44B9-95FE-166498455764}.Release|Any CPU.Build.0 = Release|Any CPU
		{5F4FBE89-06A0-479B-99C8-2704C9558DCF}.Debug|Any CPU.ActiveCfg = Debug|Any CPU
		{5F4FBE89-06A0-479B-99C8-2704C9558DCF}.Debug|Any CPU.Build.0 = Debug|Any CPU
		{5F4FBE89-06A0-479B-99C8-2704C9558DCF}.Release|Any CPU.ActiveCfg = Release|Any CPU
		{5F4FBE89-06A0-479B-99C8-2704C9558DCF}.Release|Any CPU.Build.0 = Release|Any CPU
	EndGlobalSection
	GlobalSection(SolutionProperties) = preSolution
		HideSolutionNode = FALSE
	EndGlobalSection
	GlobalSection(ExtensibilityGlobals) = postSolution
		SolutionGuid = {6216F0D5-D0D1-402E-8DFE-F100E91AA91C}
	EndGlobalSection
EndGlobal
